
Microsoft Visual Studio Solution File, Format Version 12.00
# Visual Studio Version 17
VisualStudioVersion = 17.9.34728.123
MinimumVisualStudioVersion = 10.0.40219.1
Project("{FAE04EC0-301F-11D3-BF4B-00C04F79EFBC}") = "EventLogsManager", "EventLogsManager\EventLogsManager.csproj", "{CE6A3C72-E076-451C-8659-AC2C9256ED85}"
EndProject
Global
	GlobalSection(SolutionConfigurationPlatforms) = preSolution
		Debug|Any CPU = Debug|Any CPU
		Release|Any CPU = Release|Any CPU
	EndGlobalSection
	GlobalSection(ProjectConfigurationPlatforms) = postSolution
		{CE6A3C72-E076-451C-8659-AC2C9256ED85}.Debug|Any CPU.ActiveCfg = Debug|Any CPU
		{CE6A3C72-E076-451C-8659-AC2C9256ED85}.Debug|Any CPU.Build.0 = Debug|Any CPU
		{CE6A3C72-E076-451C-8659-AC2C9256ED85}.Release|Any CPU.ActiveCfg = Release|Any CPU
		{CE6A3C72-E076-451C-8659-AC2C9256ED85}.Release|Any CPU.Build.0 = Release|Any CPU
	EndGlobalSection
	GlobalSection(SolutionProperties) = preSolution
		HideSolutionNode = FALSE
	EndGlobalSection
	GlobalSection(ExtensibilityGlobals) = postSolution
		SolutionGuid = {D6D80AB5-F634-4B5E-B9EF-53000A931496}
	EndGlobalSection
EndGlobal
